Microsoft Visual Studio Solution File, Format Version 12.00
# Visual Studio Version 17
VisualStudioVersion = 17.0.31903.59
MinimumVisualStudioVersion = 10.0.40219.1
Project("{2150E333-8FDC-42A3-9474-1A3956D46DE8}") = "src", "src", "{827E0CD3-B72D-47B6-A68D-7590B98EB39B}"
EndProject
Project("{FAE04EC0-301F-11D3-BF4B-00C04F79EFBC}") = "CoursePlatform.Domain", "src\CoursePlatform.Domain\CoursePlatform.Domain.csproj", "{C24C5663-B931-42E1-8F25-0F821C3C4CA0}"
EndProject
Project("{FAE04EC0-301F-11D3-BF4B-00C04F79EFBC}") = "CoursePlatform.Application", "src\CoursePlatform.Application\CoursePlatform.Application.csproj", "{10C791F6-8CE5-4DBC-8340-2348FE848AAF}"
EndProject
Project("{FAE04EC0-301F-11D3-BF4B-00C04F79EFBC}") = "CoursePlatform.Infrastructure", "src\CoursePlatform.Infrastructure\CoursePlatform.Infrastructure.csproj", "{3C302749-6E2B-4732-9088-88C1A2A841CA}"
EndProject
Project("{FAE04EC0-301F-11D3-BF4B-00C04F79EFBC}") = "CoursePlatform.Api", "src\CoursePlatform.Api\CoursePlatform.Api.csproj", "{77D7619A-9678-47FF-BB84-6056CF1381CF}"
EndProject
Global
	GlobalSection(SolutionConfigurationPlatforms) = preSolution
		Debug|Any CPU = Debug|Any CPU
		Debug|x64 = Debug|x64
		Debug|x86 = Debug|x86
		Release|Any CPU = Release|Any CPU
		Release|x64 = Release|x64
		Release|x86 = Release|x86
	EndGlobalSection
	GlobalSection(ProjectConfigurationPlatforms) = postSolution
		{C24C5663-B931-42E1-8F25-0F821C3C4CA0}.Debug|Any CPU.ActiveCfg = Debug|Any CPU
		{C24C5663-B931-42E1-8F25-0F821C3C4CA0}.Debug|Any CPU.Build.0 = Debug|Any CPU
		{C24C5663-B931-42E1-8F25-0F821C3C4CA0}.Debug|x64.ActiveCfg = Debug|Any CPU
		{C24C5663-B931-42E1-8F25-0F821C3C4CA0}.Debug|x64.Build.0 = Debug|Any CPU
		{C24C5663-B931-42E1-8F25-0F821C3C4CA0}.Debug|x86.ActiveCfg = Debug|Any CPU
		{C24C5663-B931-42E1-8F25-0F821C3C4CA0}.Debug|x86.Build.0 = Debug|Any CPU
		{C24C5663-B931-42E1-8F25-0F821C3C4CA0}.Release|Any CPU.ActiveCfg = Release|Any CPU
		{C24C5663-B931-42E1-8F25-0F821C3C4CA0}.Release|Any CPU.Build.0 = Release|Any CPU
		{C24C5663-B931-42E1-8F25-0F821C3C4CA0}.Release|x64.ActiveCfg = Release|Any CPU
		{C24C5663-B931-42E1-8F25-0F821C3C4CA0}.Release|x64.Build.0 = Release|Any CPU
		{C24C5663-B931-42E1-8F25-0F821C3C4CA0}.Release|x86.ActiveCfg = Release|Any CPU
		{C24C5663-B931-42E1-8F25-0F821C3C4CA0}.Release|x86.Build.0 = Release|Any CPU
		{10C791F6-8CE5-4DBC-8340-2348FE848AAF}.Debug|Any CPU.ActiveCfg = Debug|Any CPU
		{10C791F6-8CE5-4DBC-8340-2348FE848AAF}.Debug|Any CPU.Build.0 = Debug|Any CPU
		{10C791F6-8CE5-4DBC-8340-2348FE848AAF}.Debug|x64.ActiveCfg = Debug|Any CPU
		{10C791F6-8CE5-4DBC-8340-2348FE848AAF}.Debug|x64.Build.0 = Debug|Any CPU
		{10C791F6-8CE5-4DBC-8340-2348FE848AAF}.Debug|x86.ActiveCfg = Debug|Any CPU
		{10C791F6-8CE5-4DBC-8340-2348FE848AAF}.Debug|x86.Build.0 = Debug|Any CPU
		{10C791F6-8CE5-4DBC-8340-2348FE848AAF}.Release|Any CPU.ActiveCfg = Release|Any CPU
		{10C791F6-8CE5-4DBC-8340-2348FE848AAF}.Release|Any CPU.Build.0 = Release|Any CPU
		{10C791F6-8CE5-4DBC-8340-2348FE848AAF}.Release|x64.ActiveCfg = Release|Any CPU
		{10C791F6-8CE5-4DBC-8340-2348FE848AAF}.Release|x64.Build.0 = Release|Any CPU
		{10C791F6-8CE5-4DBC-8340-2348FE848AAF}.Release|x86.ActiveCfg = Release|Any CPU
		{10C791F6-8CE5-4DBC-8340-2348FE848AAF}.Release|x86.Build.0 = Release|Any CPU
		{3C302749-6E2B-4732-9088-88C1A2A841CA}.Debug|Any CPU.ActiveCfg = Debug|Any CPU
		{3C302749-6E2B-4732-9088-88C1A2A841CA}.Debug|Any CPU.Build.0 = Debug|Any CPU
		{3C302749-6E2B-4732-9088-88C1A2A841CA}.Debug|x64.ActiveCfg = Debug|Any CPU
		{3C302749-6E2B-4732-9088-88C1A2A841CA}.Debug|x64.Build.0 = Debug|Any CPU
		{3C302749-6E2B-4732-9088-88C1A2A841CA}.Debug|x86.ActiveCfg = Debug|Any CPU
		{3C302749-6E2B-4732-9088-88C1A2A841CA}.Debug|x86.Build.0 = Debug|Any CPU
		{3C302749-6E2B-4732-9088-88C1A2A841CA}.Release|Any CPU.ActiveCfg = Release|Any CPU
		{3C302749-6E2B-4732-9088-88C1A2A841CA}.Release|Any CPU.Build.0 = Release|Any CPU
		{3C302749-6E2B-4732-9088-88C1A2A841CA}.Release|x64.ActiveCfg = Release|Any CPU
		{3C302749-6E2B-4732-9088-88C1A2A841CA}.Release|x64.Build.0 = Release|Any CPU
		{3C302749-6E2B-4732-9088-88C1A2A841CA}.Release|x86.ActiveCfg = Release|Any CPU
		{3C302749-6E2B-4732-9088-88C1A2A841CA}.Release|x86.Build.0 = Release|Any CPU
		{77D7619A-9678-47FF-BB84-6056CF1381CF}.Debug|Any CPU.ActiveCfg = Debug|Any CPU
		{77D7619A-9678-47FF-BB84-6056CF1381CF}.Debug|Any CPU.Build.0 = Debug|Any CPU
		{77D7619A-9678-47FF-BB84-6056CF1381CF}.Debug|x64.ActiveCfg = Debug|Any CPU
		{77D7619A-9678-47FF-BB84-6056CF1381CF}.Debug|x64.Build.0 = Debug|Any CPU
		{77D7619A-9678-47FF-BB84-6056CF1381CF}.Debug|x86.ActiveCfg = Debug|Any CPU
		{77D7619A-9678-47FF-BB84-6056CF1381CF}.Debug|x86.Build.0 = Debug|Any CPU
		{77D7619A-9678-47FF-BB84-6056CF1381CF}.Release|Any CPU.ActiveCfg = Release|Any CPU
		{77D7619A-9678-47FF-BB84-6056CF1381CF}.Release|Any CPU.Build.0 = Release|Any CPU
		{77D7619A-9678-47FF-BB84-6056CF1381CF}.Release|x64.ActiveCfg = Release|Any CPU
		{77D7619A-9678-47FF-BB84-6056CF1381CF}.Release|x64.Build.0 = Release|Any CPU
		{77D7619A-9678-47FF-BB84-6056CF1381CF}.Release|x86.ActiveCfg = Release|Any CPU
		{77D7619A-9678-47FF-BB84-6056CF1381CF}.Release|x86.Build.0 = Release|Any CPU
	EndGlobalSection
	GlobalSection(SolutionProperties) = preSolution
		HideSolutionNode = FALSE
	EndGlobalSection
	GlobalSection(NestedProjects) = preSolution
		{C24C5663-B931-42E1-8F25-0F821C3C4CA0} = {827E0CD3-B72D-47B6-A68D-7590B98EB39B}
		{10C791F6-8CE5-4DBC-8340-2348FE848AAF} = {827E0CD3-B72D-47B6-A68D-7590B98EB39B}
		{3C302749-6E2B-4732-9088-88C1A2A841CA} = {827E0CD3-B72D-47B6-A68D-7590B98EB39B}
		{77D7619A-9678-47FF-BB84-6056CF1381CF} = {827E0CD3-B72D-47B6-A68D-7590B98EB39B}
	EndGlobalSection
	GlobalSection(ExtensibilityGlobals) = postSolution
		SolutionGuid = {1C28C7E0-8204-4114-9C85-E3C9B4D5AA37}
	EndGlobalSection
EndGlobal
